<Solution>
  <Folder Name="/Docs/">
    <File Path="Examples.txt" />
    <File Path="MyNotes.md" />
    <File Path="Presentation.md" />
    <File Path="readme.md" />
  </Folder>
  <Folder Name="/src/">
    <Project Path="src/CaseLens.Api/CaseLens.Api.csproj" />
  </Folder>
  <Folder Name="/tests/">
    <Project Path="tests/CaseLens.Api.Tests/CaseLens.Api.Tests.csproj" />
  </Folder>
</Solution>
